
Microsoft Visual Studio Solution File, Format Version 12.00
# Visual Studio for Mac
Project("{FAE04EC0-301F-11D3-BF4B-00C04F79EFBC}") = "Assembly-CSharp", "Assembly-CSharp.csproj", "{48D0E0DA-152B-9250-244C-0DC6DFA9F0F4}"
EndProject
Project("{FAE04EC0-301F-11D3-BF4B-00C04F79EFBC}") = "Assembly-CSharp-firstpass", "Assembly-CSharp-firstpass.csproj", "{13A9D665-472A-C816-83F0-3BB0F57655C5}"
EndProject
Project("{FAE04EC0-301F-11D3-BF4B-00C04F79EFBC}") = "Assembly-CSharp-Editor-firstpass", "Assembly-CSharp-Editor-firstpass.csproj", "{3D51054D-0EFB-8A4F-5E2F-AE1F0E40EAC3}"
EndProject
Project("{FAE04EC0-301F-11D3-BF4B-00C04F79EFBC}") = "Assembly-CSharp-Editor", "Assembly-CSharp-Editor.csproj", "{EBA231CA-86BE-76E6-C7AE-A63061216F84}"
EndProject
Global
	GlobalSection(SolutionConfigurationPlatforms) = preSolution
		Debug|Any CPU = Debug|Any CPU
		Release|Any CPU = Release|Any CPU
	EndGlobalSection
	GlobalSection(ProjectConfigurationPlatforms) = postSolution
		{48D0E0DA-152B-9250-244C-0DC6DFA9F0F4}.Debug|Any CPU.ActiveCfg = Debug|Any CPU
		{48D0E0DA-152B-9250-244C-0DC6DFA9F0F4}.Debug|Any CPU.Build.0 = Debug|Any CPU
		{48D0E0DA-152B-9250-244C-0DC6DFA9F0F4}.Release|Any CPU.ActiveCfg = Release|Any CPU
		{48D0E0DA-152B-9250-244C-0DC6DFA9F0F4}.Release|Any CPU.Build.0 = Release|Any CPU
		{13A9D665-472A-C816-83F0-3BB0F57655C5}.Debug|Any CPU.ActiveCfg = Debug|Any CPU
		{13A9D665-472A-C816-83F0-3BB0F57655C5}.Debug|Any CPU.Build.0 = Debug|Any CPU
		{13A9D665-472A-C816-83F0-3BB0F57655C5}.Release|Any CPU.ActiveCfg = Release|Any CPU
		{13A9D665-472A-C816-83F0-3BB0F57655C5}.Release|Any CPU.Build.0 = Release|Any CPU
		{3D51054D-0EFB-8A4F-5E2F-AE1F0E40EAC3}.Debug|Any CPU.ActiveCfg = Debug|Any CPU
		{3D51054D-0EFB-8A4F-5E2F-AE1F0E40EAC3}.Debug|Any CPU.Build.0 = Debug|Any CPU
		{3D51054D-0EFB-8A4F-5E2F-AE1F0E40EAC3}.Release|Any CPU.ActiveCfg = Release|Any CPU
		{3D51054D-0EFB-8A4F-5E2F-AE1F0E40EAC3}.Release|Any CPU.Build.0 = Release|Any CPU
		{EBA231CA-86BE-76E6-C7AE-A63061216F84}.Debug|Any CPU.ActiveCfg = Debug|Any CPU
		{EBA231CA-86BE-76E6-C7AE-A63061216F84}.Debug|Any CPU.Build.0 = Debug|Any CPU
		{EBA231CA-86BE-76E6-C7AE-A63061216F84}.Release|Any CPU.ActiveCfg = Release|Any CPU
		{EBA231CA-86BE-76E6-C7AE-A63061216F84}.Release|Any CPU.Build.0 = Release|Any CPU
	EndGlobalSection
	GlobalSection(SolutionProperties) = preSolution
		HideSolutionNode = FALSE
	EndGlobalSection
EndGlobal
